
Microsoft Visual Studio Solution File, Format Version 12.00
# Visual Studio Version 16
VisualStudioVersion = 16.0.30114.105
MinimumVisualStudioVersion = 10.0.40219.1
Project("{9A19103F-16F7-4668-BE54-9A1E7A4F7556}") = "PheesibleApi", "PheesibleApi\PheesibleApi.csproj", "{0D0BAAFD-6533-49F3-9186-0B384B42D4FE}"
EndProject
Project("{9A19103F-16F7-4668-BE54-9A1E7A4F7556}") = "Pheesible.Billing", "Pheesible.Billing\Pheesible.Billing.csproj", "{04260646-D31C-4AB4-94A9-0A70E9D3F276}"
EndProject
Project("{9A19103F-16F7-4668-BE54-9A1E7A4F7556}") = "Pheesible.Billing.Tests", "Pheesible.Billing.Tests\Pheesible.Billing.Tests.csproj", "{3C5A4622-4FD4-43A2-A3FF-11FE25B69D95}"
EndProject
Project("{9A19103F-16F7-4668-BE54-9A1E7A4F7556}") = "Pheesible.Promotions", "Pheesible.Promotions\Pheesible.Promotions.csproj", "{58218145-DDA4-4328-85F4-BBE5E77E783B}"
EndProject
Project("{9A19103F-16F7-4668-BE54-9A1E7A4F7556}") = "Pheesible.Core", "Pheesible.Core\Pheesible.Core.csproj", "{3597EC0D-8EB0-4080-B1AB-2D96B3275EEF}"
EndProject
Project("{9A19103F-16F7-4668-BE54-9A1E7A4F7556}") = "Pheesible.Integrations", "Pheesible.Integrations\Pheesible.Integrations.csproj", "{BB516885-F623-4148-B4CC-8148BF8C7CD2}"
EndProject
Project("{9A19103F-16F7-4668-BE54-9A1E7A4F7556}") = "Pheesible.Promotions.Tests", "Pheesible.Promotions.Tests\Pheesible.Promotions.Tests.csproj", "{77D1E792-E008-4338-85E1-2AEBF0B206E8}"
EndProject
Project("{9A19103F-16F7-4668-BE54-9A1E7A4F7556}") = "Pheesible.Integrations.Tests", "Pheesible.Integrations.Tests\Pheesible.Integrations.Tests.csproj", "{8536C702-B583-4B1F-BA13-991071AAD35C}"
EndProject
Project("{9A19103F-16F7-4668-BE54-9A1E7A4F7556}") = "Pheesible.Console", "Pheesible.Console\Pheesible.Console.csproj", "{3DAA8015-9D5C-47AA-A03A-A1594BF1B337}"
EndProject
Project("{9A19103F-16F7-4668-BE54-9A1E7A4F7556}") = "Pheesible.Scheduler", "Pheesible.Scheduler\Pheesible.Scheduler.csproj", "{B5AB521D-A7C2-4399-A0ED-D9444E96485D}"
EndProject
Project("{9A19103F-16F7-4668-BE54-9A1E7A4F7556}") = "Pheesible.Scheduler.Tests", "Pheesible.Scheduler.Tests\Pheesible.Scheduler.Tests.csproj", "{CD62256A-473A-43F0-BFC7-DF248C2F2120}"
EndProject
Project("{2150E333-8FDC-42A3-9474-1A3956D46DE8}") = "DatabaseScripts", "DatabaseScripts", "{1C40221B-8E82-49C0-B254-62C9B926DCCE}"
EndProject
Global
	GlobalSection(SolutionConfigurationPlatforms) = preSolution
		Debug|Any CPU = Debug|Any CPU
		Release|Any CPU = Release|Any CPU
	EndGlobalSection
	GlobalSection(ProjectConfigurationPlatforms) = postSolution
		{0D0BAAFD-6533-49F3-9186-0B384B42D4FE}.Debug|Any CPU.ActiveCfg = Debug|Any CPU
		{0D0BAAFD-6533-49F3-9186-0B384B42D4FE}.Debug|Any CPU.Build.0 = Debug|Any CPU
		{0D0BAAFD-6533-49F3-9186-0B384B42D4FE}.Release|Any CPU.ActiveCfg = Release|Any CPU
		{0D0BAAFD-6533-49F3-9186-0B384B42D4FE}.Release|Any CPU.Build.0 = Release|Any CPU
		{04260646-D31C-4AB4-94A9-0A70E9D3F276}.Debug|Any CPU.ActiveCfg = Debug|Any CPU
		{04260646-D31C-4AB4-94A9-0A70E9D3F276}.Debug|Any CPU.Build.0 = Debug|Any CPU
		{04260646-D31C-4AB4-94A9-0A70E9D3F276}.Release|Any CPU.ActiveCfg = Release|Any CPU
		{04260646-D31C-4AB4-94A9-0A70E9D3F276}.Release|Any CPU.Build.0 = Release|Any CPU
		{3C5A4622-4FD4-43A2-A3FF-11FE25B69D95}.Debug|Any CPU.ActiveCfg = Debug|Any CPU
		{3C5A4622-4FD4-43A2-A3FF-11FE25B69D95}.Debug|Any CPU.Build.0 = Debug|Any CPU
		{3C5A4622-4FD4-43A2-A3FF-11FE25B69D95}.Release|Any CPU.ActiveCfg = Release|Any CPU
		{3C5A4622-4FD4-43A2-A3FF-11FE25B69D95}.Release|Any CPU.Build.0 = Release|Any CPU
		{58218145-DDA4-4328-85F4-BBE5E77E783B}.Debug|Any CPU.ActiveCfg = Debug|Any CPU
		{58218145-DDA4-4328-85F4-BBE5E77E783B}.Debug|Any CPU.Build.0 = Debug|Any CPU
		{58218145-DDA4-4328-85F4-BBE5E77E783B}.Release|Any CPU.ActiveCfg = Release|Any CPU
		{58218145-DDA4-4328-85F4-BBE5E77E783B}.Release|Any CPU.Build.0 = Release|Any CPU
		{3597EC0D-8EB0-4080-B1AB-2D96B3275EEF}.Debug|Any CPU.ActiveCfg = Debug|Any CPU
		{3597EC0D-8EB0-4080-B1AB-2D96B3275EEF}.Debug|Any CPU.Build.0 = Debug|Any CPU
		{3597EC0D-8EB0-4080-B1AB-2D96B3275EEF}.Release|Any CPU.ActiveCfg = Release|Any CPU
		{3597EC0D-8EB0-4080-B1AB-2D96B3275EEF}.Release|Any CPU.Build.0 = Release|Any CPU
		{BB516885-F623-4148-B4CC-8148BF8C7CD2}.Debug|Any CPU.ActiveCfg = Debug|Any CPU
		{BB516885-F623-4148-B4CC-8148BF8C7CD2}.Debug|Any CPU.Build.0 = Debug|Any CPU
		{BB516885-F623-4148-B4CC-8148BF8C7CD2}.Release|Any CPU.ActiveCfg = Release|Any CPU
		{BB516885-F623-4148-B4CC-8148BF8C7CD2}.Release|Any CPU.Build.0 = Release|Any CPU
		{77D1E792-E008-4338-85E1-2AEBF0B206E8}.Debug|Any CPU.ActiveCfg = Debug|Any CPU
		{77D1E792-E008-4338-85E1-2AEBF0B206E8}.Debug|Any CPU.Build.0 = Debug|Any CPU
		{77D1E792-E008-4338-85E1-2AEBF0B206E8}.Release|Any CPU.ActiveCfg = Release|Any CPU
		{77D1E792-E008-4338-85E1-2AEBF0B206E8}.Release|Any CPU.Build.0 = Release|Any CPU
		{8536C702-B583-4B1F-BA13-991071AAD35C}.Debug|Any CPU.ActiveCfg = Debug|Any CPU
		{8536C702-B583-4B1F-BA13-991071AAD35C}.Debug|Any CPU.Build.0 = Debug|Any CPU
		{8536C702-B583-4B1F-BA13-991071AAD35C}.Release|Any CPU.ActiveCfg = Release|Any CPU
		{8536C702-B583-4B1F-BA13-991071AAD35C}.Release|Any CPU.Build.0 = Release|Any CPU
		{3DAA8015-9D5C-47AA-A03A-A1594BF1B337}.Debug|Any CPU.ActiveCfg = Debug|Any CPU
		{3DAA8015-9D5C-47AA-A03A-A1594BF1B337}.Debug|Any CPU.Build.0 = Debug|Any CPU
		{3DAA8015-9D5C-47AA-A03A-A1594BF1B337}.Release|Any CPU.ActiveCfg = Release|Any CPU
		{3DAA8015-9D5C-47AA-A03A-A1594BF1B337}.Release|Any CPU.Build.0 = Release|Any CPU
		{B5AB521D-A7C2-4399-A0ED-D9444E96485D}.Debug|Any CPU.ActiveCfg = Debug|Any CPU
		{B5AB521D-A7C2-4399-A0ED-D9444E96485D}.Debug|Any CPU.Build.0 = Debug|Any CPU
		{B5AB521D-A7C2-4399-A0ED-D9444E96485D}.Release|Any CPU.ActiveCfg = Release|Any CPU
		{B5AB521D-A7C2-4399-A0ED-D9444E96485D}.Release|Any CPU.Build.0 = Release|Any CPU
		{CD62256A-473A-43F0-BFC7-DF248C2F2120}.Debug|Any CPU.ActiveCfg = Debug|Any CPU
		{CD62256A-473A-43F0-BFC7-DF248C2F2120}.Debug|Any CPU.Build.0 = Debug|Any CPU
		{CD62256A-473A-43F0-BFC7-DF248C2F2120}.Release|Any CPU.ActiveCfg = Release|Any CPU
		{CD62256A-473A-43F0-BFC7-DF248C2F2120}.Release|Any CPU.Build.0 = Release|Any CPU
	EndGlobalSection
	GlobalSection(SolutionProperties) = preSolution
		HideSolutionNode = FALSE
	EndGlobalSection
	GlobalSection(ExtensibilityGlobals) = postSolution
		SolutionGuid = {6F397BDD-4DED-48DF-B253-056F9557416E}
	EndGlobalSection
EndGlobal
